# This file is autogenerated, do not edit; changes may be undone by the next 'dep ensure'.


[[projects]]
  branch = "master"
  digest = "1:a184152b10b8005c6bb1dcc0d84af933ff5353b0d976d68039d67b3fbb0a8666"
  name = "github.com/appleboy/com"
  packages = ["random"]
  pruneopts = "UT"
  revision = "c0b5901f9622d5256343198ed54af65af5d08cff"

[solve-meta]
  analyzer-name = "dep"
  analyzer-version = 1
  input-imports = ["github.com/appleboy/com/random"]
  solver-name = "gps-cdcl"
  solver-version = 1
